
Microsoft Visual Studio Solution File, Format Version 12.00
# Visual Studio Version 17
VisualStudioVersion = 17.5.33530.505
MinimumVisualStudioVersion = 10.0.40219.1
Project("{9A19103F-16F7-4668-BE54-9A1E7A4F7556}") = "TiendaServicio.Api.Autor", "TiendaServicio.Api.Autor\TiendaServicio.Api.Autor.csproj", "{6ED5FEDC-42CB-43E1-8007-602F6645768D}"
EndProject
Project("{FAE04EC0-301F-11D3-BF4B-00C04F79EFBC}") = "TiendaServicios.Api.Libro", "TiendaServicios.Api.Libro\TiendaServicios.Api.Libro.csproj", "{A34F6D43-5B40-44A9-83ED-A2233420B99D}"
EndProject
Global
	GlobalSection(SolutionConfigurationPlatforms) = preSolution
		Debug|Any CPU = Debug|Any CPU
		Release|Any CPU = Release|Any CPU
	EndGlobalSection
	GlobalSection(ProjectConfigurationPlatforms) = postSolution
		{6ED5FEDC-42CB-43E1-8007-602F6645768D}.Debug|Any CPU.ActiveCfg = Debug|Any CPU
		{6ED5FEDC-42CB-43E1-8007-602F6645768D}.Debug|Any CPU.Build.0 = Debug|Any CPU
		{6ED5FEDC-42CB-43E1-8007-602F6645768D}.Release|Any CPU.ActiveCfg = Release|Any CPU
		{6ED5FEDC-42CB-43E1-8007-602F6645768D}.Release|Any CPU.Build.0 = Release|Any CPU
		{A34F6D43-5B40-44A9-83ED-A2233420B99D}.Debug|Any CPU.ActiveCfg = Debug|Any CPU
		{A34F6D43-5B40-44A9-83ED-A2233420B99D}.Debug|Any CPU.Build.0 = Debug|Any CPU
		{A34F6D43-5B40-44A9-83ED-A2233420B99D}.Release|Any CPU.ActiveCfg = Release|Any CPU
		{A34F6D43-5B40-44A9-83ED-A2233420B99D}.Release|Any CPU.Build.0 = Release|Any CPU
	EndGlobalSection
	GlobalSection(SolutionProperties) = preSolution
		HideSolutionNode = FALSE
	EndGlobalSection
	GlobalSection(ExtensibilityGlobals) = postSolution
		SolutionGuid = {8BF25160-3C1E-44D0-8C21-FB82FBF2ABD6}
	EndGlobalSection
EndGlobal
